#
# This file is autogenerated by pip-compile with Python 3.11
# by the following command:
#
#    pip-compile --extra=dev --output-file=dev-deps.lock pyproject.toml
#
certifi==2023.7.22
    # via requests
cfgv==3.3.1
    # via pre-commit
charset-normalizer==3.2.0
    # via requests
deprecation==2.1.0
    # via testcontainers
distlib==0.3.7
    # via virtualenv
docker==6.1.3
    # via testcontainers
filelock==3.12.2
    # via virtualenv
fsspec==2023.6.0
    # via lakefs-spec (pyproject.toml)
identify==2.5.26
    # via pre-commit
idna==3.4
    # via requests
iniconfig==2.0.0
    # via pytest
lakefs-client==0.107.0
    # via lakefs-spec (pyproject.toml)
nodeenv==1.8.0
    # via pre-commit
packaging==23.1
    # via
    #   deprecation
    #   docker
    #   pytest
platformdirs==3.10.0
    # via virtualenv
pluggy==1.2.0
    # via pytest
pre-commit==3.3.3
    # via lakefs-spec (pyproject.toml)
pytest==7.4.0
    # via lakefs-spec (pyproject.toml)
python-dateutil==2.8.2
    # via lakefs-client
pyyaml==6.0.1
    # via pre-commit
requests==2.31.0
    # via docker
six==1.16.0
    # via python-dateutil
testcontainers==3.7.1
    # via lakefs-spec (pyproject.toml)
urllib3==2.0.4
    # via
    #   docker
    #   lakefs-client
    #   requests
virtualenv==20.24.2
    # via pre-commit
websocket-client==1.6.1
    # via docker
wrapt==1.15.0
    # via testcontainers

# The following packages are considered to be unsafe in a requirements file:
# setuptools
